
Microsoft Visual Studio Solution File, Format Version 12.00
# Visual Studio 15
VisualStudioVersion = 15.0.26430.16
MinimumVisualStudioVersion = 10.0.40219.1
Project("{FAE04EC0-301F-11D3-BF4B-00C04F79EFBC}") = "Ratcow.Muscle.Support", "Ratcow.Muscle.Support\Ratcow.Muscle.Support.csproj", "{05B404CC-2C67-46F7-AD21-4E4598181BD0}"
EndProject
Project("{FAE04EC0-301F-11D3-BF4B-00C04F79EFBC}") = "Ratcow.Muscle.Support.Tests", "Ratcow.Muscle.Support.Tests\Ratcow.Muscle.Support.Tests.csproj", "{6E9FBBC7-A227-4BB2-94CE-A587F0EF7CB2}"
EndProject
Project("{FAE04EC0-301F-11D3-BF4B-00C04F79EFBC}") = "Ratcow.Muscle.Message.Legacy", "Ratcow.Muscle.Message.Legacy\Ratcow.Muscle.Message.Legacy.csproj", "{A7486BEA-4F49-4BD4-A87F-A146F1B40E80}"
EndProject
Project("{FAE04EC0-301F-11D3-BF4B-00C04F79EFBC}") = "Ratcow.Muscle.Message.Tests", "Ratcow.Muscle.Message.Tests\Ratcow.Muscle.Message.Tests.csproj", "{2C8EB1F2-630F-4BD8-B5D3-64267BBA8888}"
EndProject
Global
	GlobalSection(SolutionConfigurationPlatforms) = preSolution
		Debug|Any CPU = Debug|Any CPU
		Release|Any CPU = Release|Any CPU
	EndGlobalSection
	GlobalSection(ProjectConfigurationPlatforms) = postSolution
		{05B404CC-2C67-46F7-AD21-4E4598181BD0}.Debug|Any CPU.ActiveCfg = Debug|Any CPU
		{05B404CC-2C67-46F7-AD21-4E4598181BD0}.Debug|Any CPU.Build.0 = Debug|Any CPU
		{05B404CC-2C67-46F7-AD21-4E4598181BD0}.Release|Any CPU.ActiveCfg = Release|Any CPU
		{05B404CC-2C67-46F7-AD21-4E4598181BD0}.Release|Any CPU.Build.0 = Release|Any CPU
		{6E9FBBC7-A227-4BB2-94CE-A587F0EF7CB2}.Debug|Any CPU.ActiveCfg = Debug|Any CPU
		{6E9FBBC7-A227-4BB2-94CE-A587F0EF7CB2}.Debug|Any CPU.Build.0 = Debug|Any CPU
		{6E9FBBC7-A227-4BB2-94CE-A587F0EF7CB2}.Release|Any CPU.ActiveCfg = Release|Any CPU
		{6E9FBBC7-A227-4BB2-94CE-A587F0EF7CB2}.Release|Any CPU.Build.0 = Release|Any CPU
		{A7486BEA-4F49-4BD4-A87F-A146F1B40E80}.Debug|Any CPU.ActiveCfg = Debug|Any CPU
		{A7486BEA-4F49-4BD4-A87F-A146F1B40E80}.Debug|Any CPU.Build.0 = Debug|Any CPU
		{A7486BEA-4F49-4BD4-A87F-A146F1B40E80}.Release|Any CPU.ActiveCfg = Release|Any CPU
		{A7486BEA-4F49-4BD4-A87F-A146F1B40E80}.Release|Any CPU.Build.0 = Release|Any CPU
		{2C8EB1F2-630F-4BD8-B5D3-64267BBA8888}.Debug|Any CPU.ActiveCfg = Debug|Any CPU
		{2C8EB1F2-630F-4BD8-B5D3-64267BBA8888}.Debug|Any CPU.Build.0 = Debug|Any CPU
		{2C8EB1F2-630F-4BD8-B5D3-64267BBA8888}.Release|Any CPU.ActiveCfg = Release|Any CPU
		{2C8EB1F2-630F-4BD8-B5D3-64267BBA8888}.Release|Any CPU.Build.0 = Release|Any CPU
	EndGlobalSection
	GlobalSection(SolutionProperties) = preSolution
		HideSolutionNode = FALSE
	EndGlobalSection
EndGlobal
